
Microsoft Visual Studio Solution File, Format Version 12.00
# Visual Studio 2017
Project("{FAE04EC0-301F-11D3-BF4B-00C04F79EFBC}") = "BasketBall", "BasketBall.csproj", "{7EB6A806-72E4-C53E-FC8F-9520FD372FB0}"
EndProject
Global
	GlobalSection(SolutionConfigurationPlatforms) = preSolution
		Debug|Any CPU = Debug|Any CPU
		Release|Any CPU = Release|Any CPU
	EndGlobalSection
	GlobalSection(ProjectConfigurationPlatforms) = postSolution
		{7EB6A806-72E4-C53E-FC8F-9520FD372FB0}.Debug|Any CPU.ActiveCfg = Debug|Any CPU
		{7EB6A806-72E4-C53E-FC8F-9520FD372FB0}.Debug|Any CPU.Build.0 = Debug|Any CPU
		{7EB6A806-72E4-C53E-FC8F-9520FD372FB0}.Release|Any CPU.ActiveCfg = Release|Any CPU
		{7EB6A806-72E4-C53E-FC8F-9520FD372FB0}.Release|Any CPU.Build.0 = Release|Any CPU
	EndGlobalSection
	GlobalSection(SolutionProperties) = preSolution
		HideSolutionNode = FALSE
	EndGlobalSection
EndGlobal
